
Microsoft Visual Studio Solution File, Format Version 12.00
# Visual Studio Version 16
VisualStudioVersion = 16.0.29806.167
MinimumVisualStudioVersion = 10.0.40219.1
Project("{8BC9CEB8-8B4A-11D0-8D11-00A0C91BC942}") = "Figura2D", "Figura2D.vcxproj", "{60BFBCAA-AF9E-4ABD-B2E2-925912224804}"
EndProject
Global
	GlobalSection(SolutionConfigurationPlatforms) = preSolution
		Debug|x64 = Debug|x64
		Debug|x86 = Debug|x86
		Release|x64 = Release|x64
		Release|x86 = Release|x86
	EndGlobalSection
	GlobalSection(ProjectConfigurationPlatforms) = postSolution
		{60BFBCAA-AF9E-4ABD-B2E2-925912224804}.Debug|x64.ActiveCfg = Debug|x64
		{60BFBCAA-AF9E-4ABD-B2E2-925912224804}.Debug|x64.Build.0 = Debug|x64
		{60BFBCAA-AF9E-4ABD-B2E2-925912224804}.Debug|x86.ActiveCfg = Debug|Win32
		{60BFBCAA-AF9E-4ABD-B2E2-925912224804}.Debug|x86.Build.0 = Debug|Win32
		{60BFBCAA-AF9E-4ABD-B2E2-925912224804}.Release|x64.ActiveCfg = Release|x64
		{60BFBCAA-AF9E-4ABD-B2E2-925912224804}.Release|x64.Build.0 = Release|x64
		{60BFBCAA-AF9E-4ABD-B2E2-925912224804}.Release|x86.ActiveCfg = Release|Win32
		{60BFBCAA-AF9E-4ABD-B2E2-925912224804}.Release|x86.Build.0 = Release|Win32
	EndGlobalSection
	GlobalSection(SolutionProperties) = preSolution
		HideSolutionNode = FALSE
	EndGlobalSection
	GlobalSection(ExtensibilityGlobals) = postSolution
		SolutionGuid = {4DEF8062-A91B-445E-926D-9B3865C178C6}
	EndGlobalSection
EndGlobal
